// !$*UTF8*$!
{
	archiveVersion = 1;
	classes = {
	};
	objectVersion = 50;
	objects = {

/* Begin PBXBuildFile section */
		822588CE23F30AF3003AE86C /* AppDelegate.swift in Sources */ = {isa = PBXBuildFile; fileRef = 822588CD23F30AF3003AE86C /* AppDelegate.swift */; };
		822588D023F30AF3003AE86C /* SceneDelegate.swift in Sources */ = {isa = PBXBuildFile; fileRef = 822588CF23F30AF3003AE86C /* SceneDelegate.swift */; };
		822588D223F30AF3003AE86C /* ViewController.swift in Sources */ = {isa = PBXBuildFile; fileRef = 822588D123F30AF3003AE86C /* ViewController.swift */; };
		822588D723F30AF5003AE86C /* Assets.xcassets in Resources */ = {isa = PBXBuildFile; fileRef = 822588D623F30AF5003AE86C /* Assets.xcassets */; };
		822588DA23F30AF5003AE86C /* LaunchScreen.storyboard in Resources */ = {isa = PBXBuildFile; fileRef = 822588D823F30AF5003AE86C /* LaunchScreen.storyboard */; };
		822588E323F4041D003AE86C /* User.swift in Sources */ = {isa = PBXBuildFile; fileRef = 822588E223F4041D003AE86C /* User.swift */; };
		822588E523F40835003AE86C /* CursusUser.swift in Sources */ = {isa = PBXBuildFile; fileRef = 822588E423F40835003AE86C /* CursusUser.swift */; };
		822588E723F40873003AE86C /* ProjectUser.swift in Sources */ = {isa = PBXBuildFile; fileRef = 822588E623F40873003AE86C /* ProjectUser.swift */; };
		822588E923F40ED4003AE86C /* Token.swift in Sources */ = {isa = PBXBuildFile; fileRef = 822588E823F40ED4003AE86C /* Token.swift */; };
		822588EB23F40F60003AE86C /* APIHelper.swift in Sources */ = {isa = PBXBuildFile; fileRef = 822588EA23F40F60003AE86C /* APIHelper.swift */; };
		822588EE23F45D4A003AE86C /* Coalition.swift in Sources */ = {isa = PBXBuildFile; fileRef = 822588ED23F45D4A003AE86C /* Coalition.swift */; };
		82520E37240420B100C38315 /* ProfilTableViewCell.swift in Sources */ = {isa = PBXBuildFile; fileRef = 82520E36240420B100C38315 /* ProfilTableViewCell.swift */; };
		8255A2E823FC0D050076D3BA /* ProfilViewController.swift in Sources */ = {isa = PBXBuildFile; fileRef = 8255A2E723FC0D050076D3BA /* ProfilViewController.swift */; };
		8255A2EA23FC14840076D3BA /* ExtensionProfilView.swift in Sources */ = {isa = PBXBuildFile; fileRef = 8255A2E923FC14840076D3BA /* ExtensionProfilView.swift */; };
		8255A2EC23FC17640076D3BA /* ProfilCollectionViewCell.swift in Sources */ = {isa = PBXBuildFile; fileRef = 8255A2EB23FC17640076D3BA /* ProfilCollectionViewCell.swift */; };
		8255A2EE23FE99DE0076D3BA /* CustomImage.swift in Sources */ = {isa = PBXBuildFile; fileRef = 8255A2ED23FE99DE0076D3BA /* CustomImage.swift */; };
		8255A2F023FEA7810076D3BA /* CustomLabel.swift in Sources */ = {isa = PBXBuildFile; fileRef = 8255A2EF23FEA7810076D3BA /* CustomLabel.swift */; };
		8255A2F223FEC5C50076D3BA /* CustomProgressBar.swift in Sources */ = {isa = PBXBuildFile; fileRef = 8255A2F123FEC5C50076D3BA /* CustomProgressBar.swift */; };
		8255A2F423FED32A0076D3BA /* CustomView.swift in Sources */ = {isa = PBXBuildFile; fileRef = 8255A2F323FED32A0076D3BA /* CustomView.swift */; };
		8255A2F623FEEA200076D3BA /* CustomButton.swift in Sources */ = {isa = PBXBuildFile; fileRef = 8255A2F523FEEA200076D3BA /* CustomButton.swift */; };
/* End PBXBuildFile section */

/* Begin PBXFileReference section */
		822588CA23F30AF3003AE86C /* Swifty-Compagnion.app */ = {isa = PBXFileReference; explicitFileType = wrapper.application; includeInIndex = 0; path = "Swifty-Compagnion.app"; sourceTree = BUILT_PRODUCTS_DIR; };
		822588CD23F30AF3003AE86C /* AppDelegate.swift */ = {isa = PBXFileReference; lastKnownFileType = sourcecode.swift; path = AppDelegate.swift; sourceTree = "<group>"; };
		822588CF23F30AF3003AE86C /* SceneDelegate.swift */ = {isa = PBXFileReference; lastKnownFileType = sourcecode.swift; path = SceneDelegate.swift; sourceTree = "<group>"; };
		822588D123F30AF3003AE86C /* ViewController.swift */ = {isa = PBXFileReference; lastKnownFileType = sourcecode.swift; path = ViewController.swift; sourceTree = "<group>"; };
		822588D623F30AF5003AE86C /* Assets.xcassets */ = {isa = PBXFileReference; lastKnownFileType = folder.assetcatalog; path = Assets.xcassets; sourceTree = "<group>"; };
		822588D923F30AF5003AE86C /* Base */ = {isa = PBXFileReference; lastKnownFileType = file.storyboard; name = Base; path = Base.lproj/LaunchScreen.storyboard; sourceTree = "<group>"; };
		822588DB23F30AF5003AE86C /* Info.plist */ = {isa = PBXFileReference; lastKnownFileType = text.plist.xml; path = Info.plist; sourceTree = "<group>"; };
		822588E223F4041D003AE86C /* User.swift */ = {isa = PBXFileReference; lastKnownFileType = sourcecode.swift; path = User.swift; sourceTree = "<group>"; };
		822588E423F40835003AE86C /* CursusUser.swift */ = {isa = PBXFileReference; lastKnownFileType = sourcecode.swift; path = CursusUser.swift; sourceTree = "<group>"; };
		822588E623F40873003AE86C /* ProjectUser.swift */ = {isa = PBXFileReference; lastKnownFileType = sourcecode.swift; path = ProjectUser.swift; sourceTree = "<group>"; };
		822588E823F40ED4003AE86C /* Token.swift */ = {isa = PBXFileReference; lastKnownFileType = sourcecode.swift; path = Token.swift; sourceTree = "<group>"; };
		822588EA23F40F60003AE86C /* APIHelper.swift */ = {isa = PBXFileReference; lastKnownFileType = sourcecode.swift; path = APIHelper.swift; sourceTree = "<group>"; };
		822588ED23F45D4A003AE86C /* Coalition.swift */ = {isa = PBXFileReference; lastKnownFileType = sourcecode.swift; path = Coalition.swift; sourceTree = "<group>"; };
		82520E36240420B100C38315 /* ProfilTableViewCell.swift */ = {isa = PBXFileReference; lastKnownFileType = sourcecode.swift; path = ProfilTableViewCell.swift; sourceTree = "<group>"; };
		8255A2E723FC0D050076D3BA /* ProfilViewController.swift */ = {isa = PBXFileReference; lastKnownFileType = sourcecode.swift; path = ProfilViewController.swift; sourceTree = "<group>"; };
		8255A2E923FC14840076D3BA /* ExtensionProfilView.swift */ = {isa = PBXFileReference; lastKnownFileType = sourcecode.swift; path = ExtensionProfilView.swift; sourceTree = "<group>"; };
		8255A2EB23FC17640076D3BA /* ProfilCollectionViewCell.swift */ = {isa = PBXFileReference; lastKnownFileType = sourcecode.swift; path = ProfilCollectionViewCell.swift; sourceTree = "<group>"; };
		8255A2ED23FE99DE0076D3BA /* CustomImage.swift */ = {isa = PBXFileReference; lastKnownFileType = sourcecode.swift; path = CustomImage.swift; sourceTree = "<group>"; };
		8255A2EF23FEA7810076D3BA /* CustomLabel.swift */ = {isa = PBXFileReference; lastKnownFileType = sourcecode.swift; path = CustomLabel.swift; sourceTree = "<group>"; };
		8255A2F123FEC5C50076D3BA /* CustomProgressBar.swift */ = {isa = PBXFileReference; lastKnownFileType = sourcecode.swift; path = CustomProgressBar.swift; sourceTree = "<group>"; };
		8255A2F323FED32A0076D3BA /* CustomView.swift */ = {isa = PBXFileReference; lastKnownFileType = sourcecode.swift; path = CustomView.swift; sourceTree = "<group>"; };
		8255A2F523FEEA200076D3BA /* CustomButton.swift */ = {isa = PBXFileReference; lastKnownFileType = sourcecode.swift; path = CustomButton.swift; sourceTree = "<group>"; };
/* End PBXFileReference section */

/* Begin PBXFrameworksBuildPhase section */
		822588C723F30AF3003AE86C /* Frameworks */ = {
			isa = PBXFrameworksBuildPhase;
			buildActionMask = 2147483647;
			files = (
			);
			runOnlyForDeploymentPostprocessing = 0;
		};
/* End PBXFrameworksBuildPhase section */

/* Begin PBXGroup section */
		822588C123F30AF3003AE86C = {
			isa = PBXGroup;
			children = (
				822588CC23F30AF3003AE86C /* Swifty-Compagnion */,
				822588CB23F30AF3003AE86C /* Products */,
			);
			sourceTree = "<group>";
		};
		822588CB23F30AF3003AE86C /* Products */ = {
			isa = PBXGroup;
			children = (
				822588CA23F30AF3003AE86C /* Swifty-Compagnion.app */,
			);
			name = Products;
			sourceTree = "<group>";
		};
		822588CC23F30AF3003AE86C /* Swifty-Compagnion */ = {
			isa = PBXGroup;
			children = (
				8255A2F72403FE780076D3BA /* Controller */,
				822588CD23F30AF3003AE86C /* AppDelegate.swift */,
				822588CF23F30AF3003AE86C /* SceneDelegate.swift */,
				822588EC23F44BE7003AE86C /* View */,
				822588E123F40404003AE86C /* Model */,
				822588D623F30AF5003AE86C /* Assets.xcassets */,
				822588D823F30AF5003AE86C /* LaunchScreen.storyboard */,
				822588DB23F30AF5003AE86C /* Info.plist */,
			);
			path = "Swifty-Compagnion";
			sourceTree = "<group>";
		};
		822588E123F40404003AE86C /* Model */ = {
			isa = PBXGroup;
			children = (
				822588E223F4041D003AE86C /* User.swift */,
				822588E423F40835003AE86C /* CursusUser.swift */,
				822588E623F40873003AE86C /* ProjectUser.swift */,
				822588E823F40ED4003AE86C /* Token.swift */,
				822588ED23F45D4A003AE86C /* Coalition.swift */,
				822588EA23F40F60003AE86C /* APIHelper.swift */,
			);
			path = Model;
			sourceTree = "<group>";
		};
		822588EC23F44BE7003AE86C /* View */ = {
			isa = PBXGroup;
			children = (
				8255A2EB23FC17640076D3BA /* ProfilCollectionViewCell.swift */,
				82520E36240420B100C38315 /* ProfilTableViewCell.swift */,
				8255A2E923FC14840076D3BA /* ExtensionProfilView.swift */,
				8255A2ED23FE99DE0076D3BA /* CustomImage.swift */,
				8255A2EF23FEA7810076D3BA /* CustomLabel.swift */,
				8255A2F123FEC5C50076D3BA /* CustomProgressBar.swift */,
				8255A2F323FED32A0076D3BA /* CustomView.swift */,
				8255A2F523FEEA200076D3BA /* CustomButton.swift */,
			);
			path = View;
			sourceTree = "<group>";
		};
		8255A2F72403FE780076D3BA /* Controller */ = {
			isa = PBXGroup;
			children = (
				822588D123F30AF3003AE86C /* ViewController.swift */,
				8255A2E723FC0D050076D3BA /* ProfilViewController.swift */,
			);
			path = Controller;
			sourceTree = "<group>";
		};
/* End PBXGroup section */

/* Begin PBXNativeTarget section */
		822588C923F30AF3003AE86C /* Swifty-Compagnion */ = {
			isa = PBXNativeTarget;
			buildConfigurationList = 822588DE23F30AF5003AE86C /* Build configuration list for PBXNativeTarget "Swifty-Compagnion" */;
			buildPhases = (
				822588C623F30AF3003AE86C /* Sources */,
				822588C723F30AF3003AE86C /* Frameworks */,
				822588C823F30AF3003AE86C /* Resources */,
			);
			buildRules = (
			);
			dependencies = (
			);
			name = "Swifty-Compagnion";
			productName = "Swifty-Compagnion";
			productReference = 822588CA23F30AF3003AE86C /* Swifty-Compagnion.app */;
			productType = "com.apple.product-type.application";
		};
/* End PBXNativeTarget section */

/* Begin PBXProject section */
		822588C223F30AF3003AE86C /* Project object */ = {
			isa = PBXProject;
			attributes = {
				LastSwiftUpdateCheck = 1130;
				LastUpgradeCheck = 1130;
				ORGANIZATIONNAME = Cammapou;
				TargetAttributes = {
					822588C923F30AF3003AE86C = {
						CreatedOnToolsVersion = 11.3.1;
					};
				};
			};
			buildConfigurationList = 822588C523F30AF3003AE86C /* Build configuration list for PBXProject "Swifty-Compagnion" */;
			compatibilityVersion = "Xcode 9.3";
			developmentRegion = en;
			hasScannedForEncodings = 0;
			knownRegions = (
				en,
				Base,
			);
			mainGroup = 822588C123F30AF3003AE86C;
			productRefGroup = 822588CB23F30AF3003AE86C /* Products */;
			projectDirPath = "";
			projectRoot = "";
			targets = (
				822588C923F30AF3003AE86C /* Swifty-Compagnion */,
			);
		};
/* End PBXProject section */

/* Begin PBXResourcesBuildPhase section */
		822588C823F30AF3003AE86C /* Resources */ = {
			isa = PBXResourcesBuildPhase;
			buildActionMask = 2147483647;
			files = (
				822588DA23F30AF5003AE86C /* LaunchScreen.storyboard in Resources */,
				822588D723F30AF5003AE86C /* Assets.xcassets in Resources */,
			);
			runOnlyForDeploymentPostprocessing = 0;
		};
/* End PBXResourcesBuildPhase section */

/* Begin PBXSourcesBuildPhase section */
		822588C623F30AF3003AE86C /* Sources */ = {
			isa = PBXSourcesBuildPhase;
			buildActionMask = 2147483647;
			files = (
				8255A2EE23FE99DE0076D3BA /* CustomImage.swift in Sources */,
				82520E37240420B100C38315 /* ProfilTableViewCell.swift in Sources */,
				8255A2F023FEA7810076D3BA /* CustomLabel.swift in Sources */,
				8255A2F623FEEA200076D3BA /* CustomButton.swift in Sources */,
				8255A2E823FC0D050076D3BA /* ProfilViewController.swift in Sources */,
				822588E323F4041D003AE86C /* User.swift in Sources */,
				822588E923F40ED4003AE86C /* Token.swift in Sources */,
				822588E723F40873003AE86C /* ProjectUser.swift in Sources */,
				8255A2F223FEC5C50076D3BA /* CustomProgressBar.swift in Sources */,
				822588EE23F45D4A003AE86C /* Coalition.swift in Sources */,
				8255A2F423FED32A0076D3BA /* CustomView.swift in Sources */,
				822588E523F40835003AE86C /* CursusUser.swift in Sources */,
				822588EB23F40F60003AE86C /* APIHelper.swift in Sources */,
				8255A2EA23FC14840076D3BA /* ExtensionProfilView.swift in Sources */,
				822588D223F30AF3003AE86C /* ViewController.swift in Sources */,
				822588CE23F30AF3003AE86C /* AppDelegate.swift in Sources */,
				822588D023F30AF3003AE86C /* SceneDelegate.swift in Sources */,
				8255A2EC23FC17640076D3BA /* ProfilCollectionViewCell.swift in Sources */,
			);
			runOnlyForDeploymentPostprocessing = 0;
		};
/* End PBXSourcesBuildPhase section */

/* Begin PBXVariantGroup section */
		822588D823F30AF5003AE86C /* LaunchScreen.storyboard */ = {
			isa = PBXVariantGroup;
			children = (
				822588D923F30AF5003AE86C /* Base */,
			);
			name = LaunchScreen.storyboard;
			sourceTree = "<group>";
		};
/* End PBXVariantGroup section */

/* Begin XCBuildConfiguration section */
		822588DC23F30AF5003AE86C /* Debug */ = {
			isa = XCBuildConfiguration;
			buildSettings = {
				ALWAYS_SEARCH_USER_PATHS = NO;
				CLANG_ANALYZER_NONNULL = YES;
				CLANG_ANALYZER_NUMBER_OBJECT_CONVERSION = YES_AGGRESSIVE;
				CLANG_CXX_LANGUAGE_STANDARD = "gnu++14";
				CLANG_CXX_LIBRARY = "libc++";
				CLANG_ENABLE_MODULES = YES;
				CLANG_ENABLE_OBJC_ARC = YES;
				CLANG_ENABLE_OBJC_WEAK = YES;
				CLANG_WARN_BLOCK_CAPTURE_AUTORELEASING = YES;
				CLANG_WARN_BOOL_CONVERSION = YES;
				CLANG_WARN_COMMA = YES;
				CLANG_WARN_CONSTANT_CONVERSION = YES;
				CLANG_WARN_DEPRECATED_OBJC_IMPLEMENTATIONS = YES;
				CLANG_WARN_DIRECT_OBJC_ISA_USAGE = YES_ERROR;
				CLANG_WARN_DOCUMENTATION_COMMENTS = YES;
				CLANG_WARN_EMPTY_BODY = YES;
				CLANG_WARN_ENUM_CONVERSION = YES;
				CLANG_WARN_INFINITE_RECURSION = YES;
				CLANG_WARN_INT_CONVERSION = YES;
				CLANG_WARN_NON_LITERAL_NULL_CONVERSION = YES;
				CLANG_WARN_OBJC_IMPLICIT_RETAIN_SELF = YES;
				CLANG_WARN_OBJC_LITERAL_CONVERSION = YES;
				CLANG_WARN_OBJC_ROOT_CLASS = YES_ERROR;
				CLANG_WARN_RANGE_LOOP_ANALYSIS = YES;
				CLANG_WARN_STRICT_PROTOTYPES = YES;
				CLANG_WARN_SUSPICIOUS_MOVE = YES;
				CLANG_WARN_UNGUARDED_AVAILABILITY = YES_AGGRESSIVE;
				CLANG_WARN_UNREACHABLE_CODE = YES;
				CLANG_WARN__DUPLICATE_METHOD_MATCH = YES;
				COPY_PHASE_STRIP = NO;
				DEBUG_INFORMATION_FORMAT = dwarf;
				ENABLE_STRICT_OBJC_MSGSEND = YES;
				ENABLE_TESTABILITY = YES;
				GCC_C_LANGUAGE_STANDARD = gnu11;
				GCC_DYNAMIC_NO_PIC = NO;
				GCC_NO_COMMON_BLOCKS = YES;
				GCC_OPTIMIZATION_LEVEL = 0;
				GCC_PREPROCESSOR_DEFINITIONS = (
					"DEBUG=1",
					"$(inherited)",
				);
				GCC_WARN_64_TO_32_BIT_CONVERSION = YES;
				GCC_WARN_ABOUT_RETURN_TYPE = YES_ERROR;
				GCC_WARN_UNDECLARED_SELECTOR = YES;
				GCC_WARN_UNINITIALIZED_AUTOS = YES_AGGRESSIVE;
				GCC_WARN_UNUSED_FUNCTION = YES;
				GCC_WARN_UNUSED_VARIABLE = YES;
				IPHONEOS_DEPLOYMENT_TARGET = 13.2;
				MTL_ENABLE_DEBUG_INFO = INCLUDE_SOURCE;
				MTL_FAST_MATH = YES;
				ONLY_ACTIVE_ARCH = YES;
				SDKROOT = iphoneos;
				SWIFT_ACTIVE_COMPILATION_CONDITIONS = DEBUG;
				SWIFT_OPTIMIZATION_LEVEL = "-Onone";
			};
			name = Debug;
		};
		822588DD23F30AF5003AE86C /* Release */ = {
			isa = XCBuildConfiguration;
			buildSettings = {
				ALWAYS_SEARCH_USER_PATHS = NO;
				CLANG_ANALYZER_NONNULL = YES;
				CLANG_ANALYZER_NUMBER_OBJECT_CONVERSION = YES_AGGRESSIVE;
				CLANG_CXX_LANGUAGE_STANDARD = "gnu++14";
				CLANG_CXX_LIBRARY = "libc++";
				CLANG_ENABLE_MODULES = YES;
				CLANG_ENABLE_OBJC_ARC = YES;
				CLANG_ENABLE_OBJC_WEAK = YES;
				CLANG_WARN_BLOCK_CAPTURE_AUTORELEASING = YES;
				CLANG_WARN_BOOL_CONVERSION = YES;
				CLANG_WARN_COMMA = YES;
				CLANG_WARN_CONSTANT_CONVERSION = YES;
				CLANG_WARN_DEPRECATED_OBJC_IMPLEMENTATIONS = YES;
				CLANG_WARN_DIRECT_OBJC_ISA_USAGE = YES_ERROR;
				CLANG_WARN_DOCUMENTATION_COMMENTS = YES;
				CLANG_WARN_EMPTY_BODY = YES;
				CLANG_WARN_ENUM_CONVERSION = YES;
				CLANG_WARN_INFINITE_RECURSION = YES;
				CLANG_WARN_INT_CONVERSION = YES;
				CLANG_WARN_NON_LITERAL_NULL_CONVERSION = YES;
				CLANG_WARN_OBJC_IMPLICIT_RETAIN_SELF = YES;
				CLANG_WARN_OBJC_LITERAL_CONVERSION = YES;
				CLANG_WARN_OBJC_ROOT_CLASS = YES_ERROR;
				CLANG_WARN_RANGE_LOOP_ANALYSIS = YES;
				CLANG_WARN_STRICT_PROTOTYPES = YES;
				CLANG_WARN_SUSPICIOUS_MOVE = YES;
				CLANG_WARN_UNGUARDED_AVAILABILITY = YES_AGGRESSIVE;
				CLANG_WARN_UNREACHABLE_CODE = YES;
				CLANG_WARN__DUPLICATE_METHOD_MATCH = YES;
				COPY_PHASE_STRIP = NO;
				DEBUG_INFORMATION_FORMAT = "dwarf-with-dsym";
				ENABLE_NS_ASSERTIONS = NO;
				ENABLE_STRICT_OBJC_MSGSEND = YES;
				GCC_C_LANGUAGE_STANDARD = gnu11;
				GCC_NO_COMMON_BLOCKS = YES;
				GCC_WARN_64_TO_32_BIT_CONVERSION = YES;
				GCC_WARN_ABOUT_RETURN_TYPE = YES_ERROR;
				GCC_WARN_UNDECLARED_SELECTOR = YES;
				GCC_WARN_UNINITIALIZED_AUTOS = YES_AGGRESSIVE;
				GCC_WARN_UNUSED_FUNCTION = YES;
				GCC_WARN_UNUSED_VARIABLE = YES;
				IPHONEOS_DEPLOYMENT_TARGET = 13.2;
				MTL_ENABLE_DEBUG_INFO = NO;
				MTL_FAST_MATH = YES;
				SDKROOT = iphoneos;
				SWIFT_COMPILATION_MODE = wholemodule;
				SWIFT_OPTIMIZATION_LEVEL = "-O";
				VALIDATE_PRODUCT = YES;
			};
			name = Release;
		};
		822588DF23F30AF5003AE86C /* Debug */ = {
			isa = XCBuildConfiguration;
			buildSettings = {
				ASSETCATALOG_COMPILER_APPICON_NAME = AppIcon;
				CODE_SIGN_STYLE = Automatic;
				DEVELOPMENT_TEAM = TRW2A6247U;
				INFOPLIST_FILE = "Swifty-Compagnion/Info.plist";
				LD_RUNPATH_SEARCH_PATHS = (
					"$(inherited)",
					"@executable_path/Frameworks",
				);
				PRODUCT_BUNDLE_IDENTIFIER = "cm.Swifty-Compagnion";
				PRODUCT_NAME = "$(TARGET_NAME)";
				SWIFT_VERSION = 5.0;
				TARGETED_DEVICE_FAMILY = "1,2";
			};
			name = Debug;
		};
		822588E023F30AF5003AE86C /* Release */ = {
			isa = XCBuildConfiguration;
			buildSettings = {
				ASSETCATALOG_COMPILER_APPICON_NAME = AppIcon;
				CODE_SIGN_STYLE = Automatic;
				DEVELOPMENT_TEAM = TRW2A6247U;
				INFOPLIST_FILE = "Swifty-Compagnion/Info.plist";
				LD_RUNPATH_SEARCH_PATHS = (
					"$(inherited)",
					"@executable_path/Frameworks",
				);
				PRODUCT_BUNDLE_IDENTIFIER = "cm.Swifty-Compagnion";
				PRODUCT_NAME = "$(TARGET_NAME)";
				SWIFT_VERSION = 5.0;
				TARGETED_DEVICE_FAMILY = "1,2";
			};
			name = Release;
		};
/* End XCBuildConfiguration section */

/* Begin XCConfigurationList section */
		822588C523F30AF3003AE86C /* Build configuration list for PBXProject "Swifty-Compagnion" */ = {
			isa = XCConfigurationList;
			buildConfigurations = (
				822588DC23F30AF5003AE86C /* Debug */,
				822588DD23F30AF5003AE86C /* Release */,
			);
			defaultConfigurationIsVisible = 0;
			defaultConfigurationName = Release;
		};
		822588DE23F30AF5003AE86C /* Build configuration list for PBXNativeTarget "Swifty-Compagnion" */ = {
			isa = XCConfigurationList;
			buildConfigurations = (
				822588DF23F30AF5003AE86C /* Debug */,
				822588E023F30AF5003AE86C /* Release */,
			);
			defaultConfigurationIsVisible = 0;
			defaultConfigurationName = Release;
		};
/* End XCConfigurationList section */
	};
	rootObject = 822588C223F30AF3003AE86C /* Project object */;
}
